// !$*UTF8*$!
{
	archiveVersion = 1;
	classes = {
	};
	objectVersion = 46;
	objects = {

/* Begin PBXBuildFile section */
		284F237119DC790300EC958C /* Foundation.framework in Frameworks */ = {isa = PBXBuildFile; fileRef = 284F237019DC790300EC958C /* Foundation.framework */; };
		284F237319DC790300EC958C /* CoreGraphics.framework in Frameworks */ = {isa = PBXBuildFile; fileRef = 284F237219DC790300EC958C /* CoreGraphics.framework */; };
		284F237519DC790300EC958C /* UIKit.framework in Frameworks */ = {isa = PBXBuildFile; fileRef = 284F237419DC790300EC958C /* UIKit.framework */; };
		284F237B19DC790300EC958C /* InfoPlist.strings in Resources */ = {isa = PBXBuildFile; fileRef = 284F237919DC790300EC958C /* InfoPlist.strings */; };
		284F237D19DC790300EC958C /* main.m in Sources */ = {isa = PBXBuildFile; fileRef = 284F237C19DC790300EC958C /* main.m */; };
		284F238119DC790300EC958C /* AppDelegate.m in Sources */ = {isa = PBXBuildFile; fileRef = 284F238019DC790300EC958C /* AppDelegate.m */; };
		284F238419DC790300EC958C /* Main.storyboard in Resources */ = {isa = PBXBuildFile; fileRef = 284F238219DC790300EC958C /* Main.storyboard */; };
		284F238719DC790300EC958C /* ViewController.m in Sources */ = {isa = PBXBuildFile; fileRef = 284F238619DC790300EC958C /* ViewController.m */; };
		284F238919DC790300EC958C /* Images.xcassets in Resources */ = {isa = PBXBuildFile; fileRef = 284F238819DC790300EC958C /* Images.xcassets */; };
		284F239019DC790300EC958C /* XCTest.framework in Frameworks */ = {isa = PBXBuildFile; fileRef = 284F238F19DC790300EC958C /* XCTest.framework */; };
		284F239119DC790300EC958C /* Foundation.framework in Frameworks */ = {isa = PBXBuildFile; fileRef = 284F237019DC790300EC958C /* Foundation.framework */; };
		284F239219DC790300EC958C /* UIKit.framework in Frameworks */ = {isa = PBXBuildFile; fileRef = 284F237419DC790300EC958C /* UIKit.framework */; };
		284F239A19DC790300EC958C /* InfoPlist.strings in Resources */ = {isa = PBXBuildFile; fileRef = 284F239819DC790300EC958C /* InfoPlist.strings */; };
		284F239C19DC790300EC958C /* HTML5VideoAutoplayAppTests.m in Sources */ = {isa = PBXBuildFile; fileRef = 284F239B19DC790300EC958C /* HTML5VideoAutoplayAppTests.m */; };
/* End PBXBuildFile section */

/* Begin PBXContainerItemProxy section */
		284F239319DC790300EC958C /* PBXContainerItemProxy */ = {
			isa = PBXContainerItemProxy;
			containerPortal = 284F236519DC790300EC958C /* Project object */;
			proxyType = 1;
			remoteGlobalIDString = 284F236C19DC790300EC958C;
			remoteInfo = HTML5VideoAutoplayApp;
		};
/* End PBXContainerItemProxy section */

/* Begin PBXFileReference section */
		284F236D19DC790300EC958C /* HTML5VideoAutoplayApp.app */ = {isa = PBXFileReference; explicitFileType = wrapper.application; includeInIndex = 0; path = HTML5VideoAutoplayApp.app; sourceTree = BUILT_PRODUCTS_DIR; };
		284F237019DC790300EC958C /* Foundation.framework */ = {isa = PBXFileReference; lastKnownFileType = wrapper.framework; name = Foundation.framework; path = System/Library/Frameworks/Foundation.framework; sourceTree = SDKROOT; };
		284F237219DC790300EC958C /* CoreGraphics.framework */ = {isa = PBXFileReference; lastKnownFileType = wrapper.framework; name = CoreGraphics.framework; path = System/Library/Frameworks/CoreGraphics.framework; sourceTree = SDKROOT; };
		284F237419DC790300EC958C /* UIKit.framework */ = {isa = PBXFileReference; lastKnownFileType = wrapper.framework; name = UIKit.framework; path = System/Library/Frameworks/UIKit.framework; sourceTree = SDKROOT; };
		284F237819DC790300EC958C /* HTML5VideoAutoplayApp-Info.plist */ = {isa = PBXFileReference; lastKnownFileType = text.plist.xml; path = "HTML5VideoAutoplayApp-Info.plist"; sourceTree = "<group>"; };
		284F237A19DC790300EC958C /* en */ = {isa = PBXFileReference; lastKnownFileType = text.plist.strings; name = en; path = en.lproj/InfoPlist.strings; sourceTree = "<group>"; };
		284F237C19DC790300EC958C /* main.m */ = {isa = PBXFileReference; lastKnownFileType = sourcecode.c.objc; path = main.m; sourceTree = "<group>"; };
		284F237E19DC790300EC958C /* HTML5VideoAutoplayApp-Prefix.pch */ = {isa = PBXFileReference; lastKnownFileType = sourcecode.c.h; path = "HTML5VideoAutoplayApp-Prefix.pch"; sourceTree = "<group>"; };
		284F237F19DC790300EC958C /* AppDelegate.h */ = {isa = PBXFileReference; lastKnownFileType = sourcecode.c.h; path = AppDelegate.h; sourceTree = "<group>"; };
		284F238019DC790300EC958C /* AppDelegate.m */ = {isa = PBXFileReference; lastKnownFileType = sourcecode.c.objc; path = AppDelegate.m; sourceTree = "<group>"; };
		284F238319DC790300EC958C /* Base */ = {isa = PBXFileReference; lastKnownFileType = file.storyboard; name = Base; path = Base.lproj/Main.storyboard; sourceTree = "<group>"; };
		284F238519DC790300EC958C /* ViewController.h */ = {isa = PBXFileReference; lastKnownFileType = sourcecode.c.h; path = ViewController.h; sourceTree = "<group>"; };
		284F238619DC790300EC958C /* ViewController.m */ = {isa = PBXFileReference; lastKnownFileType = sourcecode.c.objc; path = ViewController.m; sourceTree = "<group>"; };
		284F238819DC790300EC958C /* Images.xcassets */ = {isa = PBXFileReference; lastKnownFileType = folder.assetcatalog; path = Images.xcassets; sourceTree = "<group>"; };
		284F238E19DC790300EC958C /* HTML5VideoAutoplayAppTests.xctest */ = {isa = PBXFileReference; explicitFileType = wrapper.cfbundle; includeInIndex = 0; path = HTML5VideoAutoplayAppTests.xctest; sourceTree = BUILT_PRODUCTS_DIR; };
		284F238F19DC790300EC958C /* XCTest.framework */ = {isa = PBXFileReference; lastKnownFileType = wrapper.framework; name = XCTest.framework; path = Library/Frameworks/XCTest.framework; sourceTree = DEVELOPER_DIR; };
		284F239719DC790300EC958C /* HTML5VideoAutoplayAppTests-Info.plist */ = {isa = PBXFileReference; lastKnownFileType = text.plist.xml; path = "HTML5VideoAutoplayAppTests-Info.plist"; sourceTree = "<group>"; };
		284F239919DC790300EC958C /* en */ = {isa = PBXFileReference; lastKnownFileType = text.plist.strings; name = en; path = en.lproj/InfoPlist.strings; sourceTree = "<group>"; };
		284F239B19DC790300EC958C /* HTML5VideoAutoplayAppTests.m */ = {isa = PBXFileReference; lastKnownFileType = sourcecode.c.objc; path = HTML5VideoAutoplayAppTests.m; sourceTree = "<group>"; };
/* End PBXFileReference section */

/* Begin PBXFrameworksBuildPhase section */
		284F236A19DC790300EC958C /* Frameworks */ = {
			isa = PBXFrameworksBuildPhase;
			buildActionMask = 2147483647;
			files = (
				284F237319DC790300EC958C /* CoreGraphics.framework in Frameworks */,
				284F237519DC790300EC958C /* UIKit.framework in Frameworks */,
				284F237119DC790300EC958C /* Foundation.framework in Frameworks */,
			);
			runOnlyForDeploymentPostprocessing = 0;
		};
		284F238B19DC790300EC958C /* Frameworks */ = {
			isa = PBXFrameworksBuildPhase;
			buildActionMask = 2147483647;
			files = (
				284F239019DC790300EC958C /* XCTest.framework in Frameworks */,
				284F239219DC790300EC958C /* UIKit.framework in Frameworks */,
				284F239119DC790300EC958C /* Foundation.framework in Frameworks */,
			);
			runOnlyForDeploymentPostprocessing = 0;
		};
/* End PBXFrameworksBuildPhase section */

/* Begin PBXGroup section */
		284F236419DC790300EC958C = {
			isa = PBXGroup;
			children = (
				284F237619DC790300EC958C /* HTML5VideoAutoplayApp */,
				284F239519DC790300EC958C /* HTML5VideoAutoplayAppTests */,
				284F236F19DC790300EC958C /* Frameworks */,
				284F236E19DC790300EC958C /* Products */,
			);
			sourceTree = "<group>";
		};
		284F236E19DC790300EC958C /* Products */ = {
			isa = PBXGroup;
			children = (
				284F236D19DC790300EC958C /* HTML5VideoAutoplayApp.app */,
				284F238E19DC790300EC958C /* HTML5VideoAutoplayAppTests.xctest */,
			);
			name = Products;
			sourceTree = "<group>";
		};
		284F236F19DC790300EC958C /* Frameworks */ = {
			isa = PBXGroup;
			children = (
				284F237019DC790300EC958C /* Foundation.framework */,
				284F237219DC790300EC958C /* CoreGraphics.framework */,
				284F237419DC790300EC958C /* UIKit.framework */,
				284F238F19DC790300EC958C /* XCTest.framework */,
			);
			name = Frameworks;
			sourceTree = "<group>";
		};
		284F237619DC790300EC958C /* HTML5VideoAutoplayApp */ = {
			isa = PBXGroup;
			children = (
				284F237F19DC790300EC958C /* AppDelegate.h */,
				284F238019DC790300EC958C /* AppDelegate.m */,
				284F238219DC790300EC958C /* Main.storyboard */,
				284F238519DC790300EC958C /* ViewController.h */,
				284F238619DC790300EC958C /* ViewController.m */,
				284F238819DC790300EC958C /* Images.xcassets */,
				284F237719DC790300EC958C /* Supporting Files */,
			);
			path = HTML5VideoAutoplayApp;
			sourceTree = "<group>";
		};
		284F237719DC790300EC958C /* Supporting Files */ = {
			isa = PBXGroup;
			children = (
				284F237819DC790300EC958C /* HTML5VideoAutoplayApp-Info.plist */,
				284F237919DC790300EC958C /* InfoPlist.strings */,
				284F237C19DC790300EC958C /* main.m */,
				284F237E19DC790300EC958C /* HTML5VideoAutoplayApp-Prefix.pch */,
			);
			name = "Supporting Files";
			sourceTree = "<group>";
		};
		284F239519DC790300EC958C /* HTML5VideoAutoplayAppTests */ = {
			isa = PBXGroup;
			children = (
				284F239B19DC790300EC958C /* HTML5VideoAutoplayAppTests.m */,
				284F239619DC790300EC958C /* Supporting Files */,
			);
			path = HTML5VideoAutoplayAppTests;
			sourceTree = "<group>";
		};
		284F239619DC790300EC958C /* Supporting Files */ = {
			isa = PBXGroup;
			children = (
				284F239719DC790300EC958C /* HTML5VideoAutoplayAppTests-Info.plist */,
				284F239819DC790300EC958C /* InfoPlist.strings */,
			);
			name = "Supporting Files";
			sourceTree = "<group>";
		};
/* End PBXGroup section */

/* Begin PBXNativeTarget section */
		284F236C19DC790300EC958C /* HTML5VideoAutoplayApp */ = {
			isa = PBXNativeTarget;
			buildConfigurationList = 284F239F19DC790300EC958C /* Build configuration list for PBXNativeTarget "HTML5VideoAutoplayApp" */;
			buildPhases = (
				284F236919DC790300EC958C /* Sources */,
				284F236A19DC790300EC958C /* Frameworks */,
				284F236B19DC790300EC958C /* Resources */,
			);
			buildRules = (
			);
			dependencies = (
			);
			name = HTML5VideoAutoplayApp;
			productName = HTML5VideoAutoplayApp;
			productReference = 284F236D19DC790300EC958C /* HTML5VideoAutoplayApp.app */;
			productType = "com.apple.product-type.application";
		};
		284F238D19DC790300EC958C /* HTML5VideoAutoplayAppTests */ = {
			isa = PBXNativeTarget;
			buildConfigurationList = 284F23A219DC790300EC958C /* Build configuration list for PBXNativeTarget "HTML5VideoAutoplayAppTests" */;
			buildPhases = (
				284F238A19DC790300EC958C /* Sources */,
				284F238B19DC790300EC958C /* Frameworks */,
				284F238C19DC790300EC958C /* Resources */,
			);
			buildRules = (
			);
			dependencies = (
				284F239419DC790300EC958C /* PBXTargetDependency */,
			);
			name = HTML5VideoAutoplayAppTests;
			productName = HTML5VideoAutoplayAppTests;
			productReference = 284F238E19DC790300EC958C /* HTML5VideoAutoplayAppTests.xctest */;
			productType = "com.apple.product-type.bundle.unit-test";
		};
/* End PBXNativeTarget section */

/* Begin PBXProject section */
		284F236519DC790300EC958C /* Project object */ = {
			isa = PBXProject;
			attributes = {
				LastUpgradeCheck = 0510;
				ORGANIZATIONNAME = "Jeff Linwood";
				TargetAttributes = {
					284F238D19DC790300EC958C = {
						TestTargetID = 284F236C19DC790300EC958C;
					};
				};
			};
			buildConfigurationList = 284F236819DC790300EC958C /* Build configuration list for PBXProject "HTML5VideoAutoplayApp" */;
			compatibilityVersion = "Xcode 3.2";
			developmentRegion = English;
			hasScannedForEncodings = 0;
			knownRegions = (
				en,
				Base,
			);
			mainGroup = 284F236419DC790300EC958C;
			productRefGroup = 284F236E19DC790300EC958C /* Products */;
			projectDirPath = "";
			projectRoot = "";
			targets = (
				284F236C19DC790300EC958C /* HTML5VideoAutoplayApp */,
				284F238D19DC790300EC958C /* HTML5VideoAutoplayAppTests */,
			);
		};
/* End PBXProject section */

/* Begin PBXResourcesBuildPhase section */
		284F236B19DC790300EC958C /* Resources */ = {
			isa = PBXResourcesBuildPhase;
			buildActionMask = 2147483647;
			files = (
				284F238919DC790300EC958C /* Images.xcassets in Resources */,
				284F237B19DC790300EC958C /* InfoPlist.strings in Resources */,
				284F238419DC790300EC958C /* Main.storyboard in Resources */,
			);
			runOnlyForDeploymentPostprocessing = 0;
		};
		284F238C19DC790300EC958C /* Resources */ = {
			isa = PBXResourcesBuildPhase;
			buildActionMask = 2147483647;
			files = (
				284F239A19DC790300EC958C /* InfoPlist.strings in Resources */,
			);
			runOnlyForDeploymentPostprocessing = 0;
		};
/* End PBXResourcesBuildPhase section */

/* Begin PBXSourcesBuildPhase section */
		284F236919DC790300EC958C /* Sources */ = {
			isa = PBXSourcesBuildPhase;
			buildActionMask = 2147483647;
			files = (
				284F238719DC790300EC958C /* ViewController.m in Sources */,
				284F238119DC790300EC958C /* AppDelegate.m in Sources */,
				284F237D19DC790300EC958C /* main.m in Sources */,
			);
			runOnlyForDeploymentPostprocessing = 0;
		};
		284F238A19DC790300EC958C /* Sources */ = {
			isa = PBXSourcesBuildPhase;
			buildActionMask = 2147483647;
			files = (
				284F239C19DC790300EC958C /* HTML5VideoAutoplayAppTests.m in Sources */,
			);
			runOnlyForDeploymentPostprocessing = 0;
		};
/* End PBXSourcesBuildPhase section */

/* Begin PBXTargetDependency section */
		284F239419DC790300EC958C /* PBXTargetDependency */ = {
			isa = PBXTargetDependency;
			target = 284F236C19DC790300EC958C /* HTML5VideoAutoplayApp */;
			targetProxy = 284F239319DC790300EC958C /* PBXContainerItemProxy */;
		};
/* End PBXTargetDependency section */

/* Begin PBXVariantGroup section */
		284F237919DC790300EC958C /* InfoPlist.strings */ = {
			isa = PBXVariantGroup;
			children = (
				284F237A19DC790300EC958C /* en */,
			);
			name = InfoPlist.strings;
			sourceTree = "<group>";
		};
		284F238219DC790300EC958C /* Main.storyboard */ = {
			isa = PBXVariantGroup;
			children = (
				284F238319DC790300EC958C /* Base */,
			);
			name = Main.storyboard;
			sourceTree = "<group>";
		};
		284F239819DC790300EC958C /* InfoPlist.strings */ = {
			isa = PBXVariantGroup;
			children = (
				284F239919DC790300EC958C /* en */,
			);
			name = InfoPlist.strings;
			sourceTree = "<group>";
		};
/* End PBXVariantGroup section */

/* Begin XCBuildConfiguration section */
		284F239D19DC790300EC958C /* Debug */ = {
			isa = XCBuildConfiguration;
			buildSettings = {
				ALWAYS_SEARCH_USER_PATHS = NO;
				CLANG_CXX_LANGUAGE_STANDARD = "gnu++0x";
				CLANG_CXX_LIBRARY = "libc++";
				CLANG_ENABLE_MODULES = YES;
				CLANG_ENABLE_OBJC_ARC = YES;
				CLANG_WARN_BOOL_CONVERSION = YES;
				CLANG_WARN_CONSTANT_CONVERSION = YES;
				CLANG_WARN_DIRECT_OBJC_ISA_USAGE = YES_ERROR;
				CLANG_WARN_EMPTY_BODY = YES;
				CLANG_WARN_ENUM_CONVERSION = YES;
				CLANG_WARN_INT_CONVERSION = YES;
				CLANG_WARN_OBJC_ROOT_CLASS = YES_ERROR;
				CLANG_WARN__DUPLICATE_METHOD_MATCH = YES;
				"CODE_SIGN_IDENTITY[sdk=iphoneos*]" = "iPhone Developer";
				COPY_PHASE_STRIP = NO;
				GCC_C_LANGUAGE_STANDARD = gnu99;
				GCC_DYNAMIC_NO_PIC = NO;
				GCC_OPTIMIZATION_LEVEL = 0;
				GCC_PREPROCESSOR_DEFINITIONS = (
					"DEBUG=1",
					"$(inherited)",
				);
				GCC_SYMBOLS_PRIVATE_EXTERN = NO;
				GCC_WARN_64_TO_32_BIT_CONVERSION = YES;
				GCC_WARN_ABOUT_RETURN_TYPE = YES_ERROR;
				GCC_WARN_UNDECLARED_SELECTOR = YES;
				GCC_WARN_UNINITIALIZED_AUTOS = YES_AGGRESSIVE;
				GCC_WARN_UNUSED_FUNCTION = YES;
				GCC_WARN_UNUSED_VARIABLE = YES;
				IPHONEOS_DEPLOYMENT_TARGET = 7.1;
				ONLY_ACTIVE_ARCH = YES;
				SDKROOT = iphoneos;
				TARGETED_DEVICE_FAMILY = 2;
			};
			name = Debug;
		};
		284F239E19DC790300EC958C /* Release */ = {
			isa = XCBuildConfiguration;
			buildSettings = {
				ALWAYS_SEARCH_USER_PATHS = NO;
				CLANG_CXX_LANGUAGE_STANDARD = "gnu++0x";
				CLANG_CXX_LIBRARY = "libc++";
				CLANG_ENABLE_MODULES = YES;
				CLANG_ENABLE_OBJC_ARC = YES;
				CLANG_WARN_BOOL_CONVERSION = YES;
				CLANG_WARN_CONSTANT_CONVERSION = YES;
				CLANG_WARN_DIRECT_OBJC_ISA_USAGE = YES_ERROR;
				CLANG_WARN_EMPTY_BODY = YES;
				CLANG_WARN_ENUM_CONVERSION = YES;
				CLANG_WARN_INT_CONVERSION = YES;
				CLANG_WARN_OBJC_ROOT_CLASS = YES_ERROR;
				CLANG_WARN__DUPLICATE_METHOD_MATCH = YES;
				"CODE_SIGN_IDENTITY[sdk=iphoneos*]" = "iPhone Developer";
				COPY_PHASE_STRIP = YES;
				ENABLE_NS_ASSERTIONS = NO;
				GCC_C_LANGUAGE_STANDARD = gnu99;
				GCC_WARN_64_TO_32_BIT_CONVERSION = YES;
				GCC_WARN_ABOUT_RETURN_TYPE = YES_ERROR;
				GCC_WARN_UNDECLARED_SELECTOR = YES;
				GCC_WARN_UNINITIALIZED_AUTOS = YES_AGGRESSIVE;
				GCC_WARN_UNUSED_FUNCTION = YES;
				GCC_WARN_UNUSED_VARIABLE = YES;
				IPHONEOS_DEPLOYMENT_TARGET = 7.1;
				SDKROOT = iphoneos;
				TARGETED_DEVICE_FAMILY = 2;
				VALIDATE_PRODUCT = YES;
			};
			name = Release;
		};
		284F23A019DC790300EC958C /* Debug */ = {
			isa = XCBuildConfiguration;
			buildSettings = {
				ASSETCATALOG_COMPILER_APPICON_NAME = AppIcon;
				ASSETCATALOG_COMPILER_LAUNCHIMAGE_NAME = LaunchImage;
				GCC_PRECOMPILE_PREFIX_HEADER = YES;
				GCC_PREFIX_HEADER = "HTML5VideoAutoplayApp/HTML5VideoAutoplayApp-Prefix.pch";
				INFOPLIST_FILE = "HTML5VideoAutoplayApp/HTML5VideoAutoplayApp-Info.plist";
				PRODUCT_NAME = "$(TARGET_NAME)";
				WRAPPER_EXTENSION = app;
			};
			name = Debug;
		};
		284F23A119DC790300EC958C /* Release */ = {
			isa = XCBuildConfiguration;
			buildSettings = {
				ASSETCATALOG_COMPILER_APPICON_NAME = AppIcon;
				ASSETCATALOG_COMPILER_LAUNCHIMAGE_NAME = LaunchImage;
				GCC_PRECOMPILE_PREFIX_HEADER = YES;
				GCC_PREFIX_HEADER = "HTML5VideoAutoplayApp/HTML5VideoAutoplayApp-Prefix.pch";
				INFOPLIST_FILE = "HTML5VideoAutoplayApp/HTML5VideoAutoplayApp-Info.plist";
				PRODUCT_NAME = "$(TARGET_NAME)";
				WRAPPER_EXTENSION = app;
			};
			name = Release;
		};
		284F23A319DC790300EC958C /* Debug */ = {
			isa = XCBuildConfiguration;
			buildSettings = {
				BUNDLE_LOADER = "$(BUILT_PRODUCTS_DIR)/HTML5VideoAutoplayApp.app/HTML5VideoAutoplayApp";
				FRAMEWORK_SEARCH_PATHS = (
					"$(SDKROOT)/Developer/Library/Frameworks",
					"$(inherited)",
					"$(DEVELOPER_FRAMEWORKS_DIR)",
				);
				GCC_PRECOMPILE_PREFIX_HEADER = YES;
				GCC_PREFIX_HEADER = "HTML5VideoAutoplayApp/HTML5VideoAutoplayApp-Prefix.pch";
				GCC_PREPROCESSOR_DEFINITIONS = (
					"DEBUG=1",
					"$(inherited)",
				);
				INFOPLIST_FILE = "HTML5VideoAutoplayAppTests/HTML5VideoAutoplayAppTests-Info.plist";
				PRODUCT_NAME = "$(TARGET_NAME)";
				TEST_HOST = "$(BUNDLE_LOADER)";
				WRAPPER_EXTENSION = xctest;
			};
			name = Debug;
		};
		284F23A419DC790300EC958C /* Release */ = {
			isa = XCBuildConfiguration;
			buildSettings = {
				BUNDLE_LOADER = "$(BUILT_PRODUCTS_DIR)/HTML5VideoAutoplayApp.app/HTML5VideoAutoplayApp";
				FRAMEWORK_SEARCH_PATHS = (
					"$(SDKROOT)/Developer/Library/Frameworks",
					"$(inherited)",
					"$(DEVELOPER_FRAMEWORKS_DIR)",
				);
				GCC_PRECOMPILE_PREFIX_HEADER = YES;
				GCC_PREFIX_HEADER = "HTML5VideoAutoplayApp/HTML5VideoAutoplayApp-Prefix.pch";
				INFOPLIST_FILE = "HTML5VideoAutoplayAppTests/HTML5VideoAutoplayAppTests-Info.plist";
				PRODUCT_NAME = "$(TARGET_NAME)";
				TEST_HOST = "$(BUNDLE_LOADER)";
				WRAPPER_EXTENSION = xctest;
			};
			name = Release;
		};
/* End XCBuildConfiguration section */

/* Begin XCConfigurationList section */
		284F236819DC790300EC958C /* Build configuration list for PBXProject "HTML5VideoAutoplayApp" */ = {
			isa = XCConfigurationList;
			buildConfigurations = (
				284F239D19DC790300EC958C /* Debug */,
				284F239E19DC790300EC958C /* Release */,
			);
			defaultConfigurationIsVisible = 0;
			defaultConfigurationName = Release;
		};
		284F239F19DC790300EC958C /* Build configuration list for PBXNativeTarget "HTML5VideoAutoplayApp" */ = {
			isa = XCConfigurationList;
			buildConfigurations = (
				284F23A019DC790300EC958C /* Debug */,
				284F23A119DC790300EC958C /* Release */,
			);
			defaultConfigurationIsVisible = 0;
		};
		284F23A219DC790300EC958C /* Build configuration list for PBXNativeTarget "HTML5VideoAutoplayAppTests" */ = {
			isa = XCConfigurationList;
			buildConfigurations = (
				284F23A319DC790300EC958C /* Debug */,
				284F23A419DC790300EC958C /* Release */,
			);
			defaultConfigurationIsVisible = 0;
		};
/* End XCConfigurationList section */
	};
	rootObject = 284F236519DC790300EC958C /* Project object */;
}
